
Microsoft Visual Studio Solution File, Format Version 12.00
# Visual Studio Version 17
VisualStudioVersion = 17.5.33530.505
MinimumVisualStudioVersion = 10.0.40219.1
Project("{9A19103F-16F7-4668-BE54-9A1E7A4F7556}") = "min3d_Forms_Edition_Multipanel_Library", "min3d_Forms_Edition_Multipanel_Library.csproj", "{2FCE9F18-5CB6-41DC-9718-53F3FD712834}"
EndProject
Project("{FAE04EC0-301F-11D3-BF4B-00C04F79EFBC}") = "min3d_tester", "min3d_tester\min3d_tester.csproj", "{375DDD23-75F8-4533-AF45-6CEEFE86E160}"
EndProject
Global
	GlobalSection(SolutionConfigurationPlatforms) = preSolution
		Debug|Any CPU = Debug|Any CPU
		Release|Any CPU = Release|Any CPU
	EndGlobalSection
	GlobalSection(ProjectConfigurationPlatforms) = postSolution
		{2FCE9F18-5CB6-41DC-9718-53F3FD712834}.Debug|Any CPU.ActiveCfg = Debug|Any CPU
		{2FCE9F18-5CB6-41DC-9718-53F3FD712834}.Debug|Any CPU.Build.0 = Debug|Any CPU
		{2FCE9F18-5CB6-41DC-9718-53F3FD712834}.Release|Any CPU.ActiveCfg = Release|Any CPU
		{2FCE9F18-5CB6-41DC-9718-53F3FD712834}.Release|Any CPU.Build.0 = Release|Any CPU
		{375DDD23-75F8-4533-AF45-6CEEFE86E160}.Debug|Any CPU.ActiveCfg = Debug|Any CPU
		{375DDD23-75F8-4533-AF45-6CEEFE86E160}.Debug|Any CPU.Build.0 = Debug|Any CPU
		{375DDD23-75F8-4533-AF45-6CEEFE86E160}.Release|Any CPU.ActiveCfg = Release|Any CPU
		{375DDD23-75F8-4533-AF45-6CEEFE86E160}.Release|Any CPU.Build.0 = Release|Any CPU
	EndGlobalSection
	GlobalSection(SolutionProperties) = preSolution
		HideSolutionNode = FALSE
	EndGlobalSection
	GlobalSection(ExtensibilityGlobals) = postSolution
		SolutionGuid = {67A42C9D-003E-408D-9C8D-650502D907CF}
	EndGlobalSection
EndGlobal
